// !$*UTF8*$!
{
	archiveVersion = 1;
	classes = {
	};
	objectVersion = 46;
	objects = {

/* Begin PBXBuildFile section */
		921377541EE58390007DED03 /* StoreKit.framework in Frameworks */ = {isa = PBXBuildFile; fileRef = 921377531EE58390007DED03 /* StoreKit.framework */; };
		926416CE1EE9971F00EBB0B1 /* GameOfWhales.framework in Frameworks */ = {isa = PBXBuildFile; fileRef = 926416CD1EE9971F00EBB0B1 /* GameOfWhales.framework */; };
		92DCEA901EE18E04004EC8EC /* AppDelegate.swift in Sources */ = {isa = PBXBuildFile; fileRef = 92DCEA8F1EE18E04004EC8EC /* AppDelegate.swift */; };
		92DCEA921EE18E04004EC8EC /* ViewController.swift in Sources */ = {isa = PBXBuildFile; fileRef = 92DCEA911EE18E04004EC8EC /* ViewController.swift */; };
		92DCEA951EE18E04004EC8EC /* Main.storyboard in Resources */ = {isa = PBXBuildFile; fileRef = 92DCEA931EE18E04004EC8EC /* Main.storyboard */; };
		92DCEA971EE18E04004EC8EC /* Assets.xcassets in Resources */ = {isa = PBXBuildFile; fileRef = 92DCEA961EE18E04004EC8EC /* Assets.xcassets */; };
		92DCEA9A1EE18E04004EC8EC /* LaunchScreen.storyboard in Resources */ = {isa = PBXBuildFile; fileRef = 92DCEA981EE18E04004EC8EC /* LaunchScreen.storyboard */; };
		92DCEAA51EE1928F004EC8EC /* GoogleService-Info.plist in Resources */ = {isa = PBXBuildFile; fileRef = 92DCEAA41EE1928F004EC8EC /* GoogleService-Info.plist */; };
		92DCEAA71EE192FD004EC8EC /* gow-logo-main.png in Resources */ = {isa = PBXBuildFile; fileRef = 92DCEAA61EE192FD004EC8EC /* gow-logo-main.png */; };
		B6BF1B29EABE2A5BABB9F328 /* Pods_Example.framework in Frameworks */ = {isa = PBXBuildFile; fileRef = E4F5A47CE30D386CD35A6D5A /* Pods_Example.framework */; };
/* End PBXBuildFile section */

/* Begin PBXCopyFilesBuildPhase section */
		929B17B91EE6EC1700EF600A /* Embed Frameworks */ = {
			isa = PBXCopyFilesBuildPhase;
			buildActionMask = 2147483647;
			dstPath = "";
			dstSubfolderSpec = 10;
			files = (
			);
			name = "Embed Frameworks";
			runOnlyForDeploymentPostprocessing = 0;
		};
/* End PBXCopyFilesBuildPhase section */

/* Begin PBXFileReference section */
		921377521EE5838D007DED03 /* Example.entitlements */ = {isa = PBXFileReference; lastKnownFileType = text.plist.entitlements; path = Example.entitlements; sourceTree = "<group>"; };
		921377531EE58390007DED03 /* StoreKit.framework */ = {isa = PBXFileReference; lastKnownFileType = wrapper.framework; name = StoreKit.framework; path = System/Library/Frameworks/StoreKit.framework; sourceTree = SDKROOT; };
		926416CD1EE9971F00EBB0B1 /* GameOfWhales.framework */ = {isa = PBXFileReference; lastKnownFileType = wrapper.framework; path = GameOfWhales.framework; sourceTree = "<group>"; };
		92DCEA8C1EE18E04004EC8EC /* Example.app */ = {isa = PBXFileReference; explicitFileType = wrapper.application; includeInIndex = 0; path = Example.app; sourceTree = BUILT_PRODUCTS_DIR; };
		92DCEA8F1EE18E04004EC8EC /* AppDelegate.swift */ = {isa = PBXFileReference; lastKnownFileType = sourcecode.swift; path = AppDelegate.swift; sourceTree = "<group>"; };
		92DCEA911EE18E04004EC8EC /* ViewController.swift */ = {isa = PBXFileReference; lastKnownFileType = sourcecode.swift; path = ViewController.swift; sourceTree = "<group>"; };
		92DCEA941EE18E04004EC8EC /* Base */ = {isa = PBXFileReference; lastKnownFileType = file.storyboard; name = Base; path = Base.lproj/Main.storyboard; sourceTree = "<group>"; };
		92DCEA961EE18E04004EC8EC /* Assets.xcassets */ = {isa = PBXFileReference; lastKnownFileType = folder.assetcatalog; path = Assets.xcassets; sourceTree = "<group>"; };
		92DCEA991EE18E04004EC8EC /* Base */ = {isa = PBXFileReference; lastKnownFileType = file.storyboard; name = Base; path = Base.lproj/LaunchScreen.storyboard; sourceTree = "<group>"; };
		92DCEA9B1EE18E04004EC8EC /* Info.plist */ = {isa = PBXFileReference; lastKnownFileType = text.plist.xml; path = Info.plist; sourceTree = "<group>"; };
		92DCEAA41EE1928F004EC8EC /* GoogleService-Info.plist */ = {isa = PBXFileReference; fileEncoding = 4; lastKnownFileType = text.plist.xml; path = "GoogleService-Info.plist"; sourceTree = "<group>"; };
		92DCEAA61EE192FD004EC8EC /* gow-logo-main.png */ = {isa = PBXFileReference; lastKnownFileType = image.png; path = "gow-logo-main.png"; sourceTree = "<group>"; };
		C4AA4AA89420AE1D138E44F3 /* Pods-Example.release.xcconfig */ = {isa = PBXFileReference; includeInIndex = 1; lastKnownFileType = text.xcconfig; name = "Pods-Example.release.xcconfig"; path = "Pods/Target Support Files/Pods-Example/Pods-Example.release.xcconfig"; sourceTree = "<group>"; };
		E4F5A47CE30D386CD35A6D5A /* Pods_Example.framework */ = {isa = PBXFileReference; explicitFileType = wrapper.framework; includeInIndex = 0; path = Pods_Example.framework; sourceTree = BUILT_PRODUCTS_DIR; };
		EBA4147C00148933289F4735 /* Pods-Example.debug.xcconfig */ = {isa = PBXFileReference; includeInIndex = 1; lastKnownFileType = text.xcconfig; name = "Pods-Example.debug.xcconfig"; path = "Pods/Target Support Files/Pods-Example/Pods-Example.debug.xcconfig"; sourceTree = "<group>"; };
/* End PBXFileReference section */

/* Begin PBXFrameworksBuildPhase section */
		92DCEA891EE18E04004EC8EC /* Frameworks */ = {
			isa = PBXFrameworksBuildPhase;
			buildActionMask = 2147483647;
			files = (
				926416CE1EE9971F00EBB0B1 /* GameOfWhales.framework in Frameworks */,
				921377541EE58390007DED03 /* StoreKit.framework in Frameworks */,
				B6BF1B29EABE2A5BABB9F328 /* Pods_Example.framework in Frameworks */,
			);
			runOnlyForDeploymentPostprocessing = 0;
		};
/* End PBXFrameworksBuildPhase section */

/* Begin PBXGroup section */
		19750D4AEEB8277F5FEAA722 /* Pods */ = {
			isa = PBXGroup;
			children = (
				EBA4147C00148933289F4735 /* Pods-Example.debug.xcconfig */,
				C4AA4AA89420AE1D138E44F3 /* Pods-Example.release.xcconfig */,
			);
			name = Pods;
			sourceTree = "<group>";
		};
		92DCEA831EE18E04004EC8EC = {
			isa = PBXGroup;
			children = (
				92DCEAA61EE192FD004EC8EC /* gow-logo-main.png */,
				92DCEAA41EE1928F004EC8EC /* GoogleService-Info.plist */,
				92DCEA8E1EE18E04004EC8EC /* Example */,
				92DCEA8D1EE18E04004EC8EC /* Products */,
				19750D4AEEB8277F5FEAA722 /* Pods */,
				DEEC3C939566E6AD48649848 /* Frameworks */,
			);
			sourceTree = "<group>";
		};
		92DCEA8D1EE18E04004EC8EC /* Products */ = {
			isa = PBXGroup;
			children = (
				92DCEA8C1EE18E04004EC8EC /* Example.app */,
			);
			name = Products;
			sourceTree = "<group>";
		};
		92DCEA8E1EE18E04004EC8EC /* Example */ = {
			isa = PBXGroup;
			children = (
				921377521EE5838D007DED03 /* Example.entitlements */,
				92DCEA8F1EE18E04004EC8EC /* AppDelegate.swift */,
				92DCEA911EE18E04004EC8EC /* ViewController.swift */,
				92DCEA931EE18E04004EC8EC /* Main.storyboard */,
				92DCEA961EE18E04004EC8EC /* Assets.xcassets */,
				92DCEA981EE18E04004EC8EC /* LaunchScreen.storyboard */,
				92DCEA9B1EE18E04004EC8EC /* Info.plist */,
			);
			path = Example;
			sourceTree = "<group>";
		};
		DEEC3C939566E6AD48649848 /* Frameworks */ = {
			isa = PBXGroup;
			children = (
				926416CD1EE9971F00EBB0B1 /* GameOfWhales.framework */,
				921377531EE58390007DED03 /* StoreKit.framework */,
				E4F5A47CE30D386CD35A6D5A /* Pods_Example.framework */,
			);
			name = Frameworks;
			sourceTree = "<group>";
		};
/* End PBXGroup section */

/* Begin PBXNativeTarget section */
		92DCEA8B1EE18E04004EC8EC /* Example */ = {
			isa = PBXNativeTarget;
			buildConfigurationList = 92DCEA9E1EE18E04004EC8EC /* Build configuration list for PBXNativeTarget "Example" */;
			buildPhases = (
				1373DD3DFC61F2D87A7EDF09 /* [CP] Check Pods Manifest.lock */,
				92DCEA881EE18E04004EC8EC /* Sources */,
				92DCEA891EE18E04004EC8EC /* Frameworks */,
				92DCEA8A1EE18E04004EC8EC /* Resources */,
				B855C5320A8F7EBC93F999B9 /* [CP] Embed Pods Frameworks */,
				1AD1E46257B93C6B91D499AF /* [CP] Copy Pods Resources */,
				929B17B91EE6EC1700EF600A /* Embed Frameworks */,
			);
			buildRules = (
			);
			dependencies = (
			);
			name = Example;
			productName = Example;
			productReference = 92DCEA8C1EE18E04004EC8EC /* Example.app */;
			productType = "com.apple.product-type.application";
		};
/* End PBXNativeTarget section */

/* Begin PBXProject section */
		92DCEA841EE18E04004EC8EC /* Project object */ = {
			isa = PBXProject;
			attributes = {
				LastSwiftUpdateCheck = 0830;
				LastUpgradeCheck = 0830;
				ORGANIZATIONNAME = Deemedya;
				TargetAttributes = {
					92DCEA8B1EE18E04004EC8EC = {
						CreatedOnToolsVersion = 8.3.2;
						DevelopmentTeam = 2CF9M4J7ZH;
						ProvisioningStyle = Manual;
						SystemCapabilities = {
							com.apple.BackgroundModes = {
								enabled = 1;
							};
							com.apple.InAppPurchase = {
								enabled = 1;
							};
							com.apple.Push = {
								enabled = 1;
							};
						};
					};
				};
			};
			buildConfigurationList = 92DCEA871EE18E04004EC8EC /* Build configuration list for PBXProject "Example" */;
			compatibilityVersion = "Xcode 3.2";
			developmentRegion = English;
			hasScannedForEncodings = 0;
			knownRegions = (
				en,
				Base,
			);
			mainGroup = 92DCEA831EE18E04004EC8EC;
			productRefGroup = 92DCEA8D1EE18E04004EC8EC /* Products */;
			projectDirPath = "";
			projectRoot = "";
			targets = (
				92DCEA8B1EE18E04004EC8EC /* Example */,
			);
		};
/* End PBXProject section */

/* Begin PBXResourcesBuildPhase section */
		92DCEA8A1EE18E04004EC8EC /* Resources */ = {
			isa = PBXResourcesBuildPhase;
			buildActionMask = 2147483647;
			files = (
				92DCEA9A1EE18E04004EC8EC /* LaunchScreen.storyboard in Resources */,
				92DCEAA51EE1928F004EC8EC /* GoogleService-Info.plist in Resources */,
				92DCEA971EE18E04004EC8EC /* Assets.xcassets in Resources */,
				92DCEA951EE18E04004EC8EC /* Main.storyboard in Resources */,
				92DCEAA71EE192FD004EC8EC /* gow-logo-main.png in Resources */,
			);
			runOnlyForDeploymentPostprocessing = 0;
		};
/* End PBXResourcesBuildPhase section */

/* Begin PBXShellScriptBuildPhase section */
		1373DD3DFC61F2D87A7EDF09 /* [CP] Check Pods Manifest.lock */ = {
			isa = PBXShellScriptBuildPhase;
			buildActionMask = 2147483647;
			files = (
			);
			inputPaths = (
			);
			name = "[CP] Check Pods Manifest.lock";
			outputPaths = (
			);
			runOnlyForDeploymentPostprocessing = 0;
			shellPath = /bin/sh;
			shellScript = "diff \"${PODS_PODFILE_DIR_PATH}/Podfile.lock\" \"${PODS_ROOT}/Manifest.lock\" > /dev/null\nif [ $? != 0 ] ; then\n    # print error to STDERR\n    echo \"error: The sandbox is not in sync with the Podfile.lock. Run 'pod install' or update your CocoaPods installation.\" >&2\n    exit 1\nfi\n";
			showEnvVarsInLog = 0;
		};
		1AD1E46257B93C6B91D499AF /* [CP] Copy Pods Resources */ = {
			isa = PBXShellScriptBuildPhase;
			buildActionMask = 2147483647;
			files = (
			);
			inputPaths = (
			);
			name = "[CP] Copy Pods Resources";
			outputPaths = (
			);
			runOnlyForDeploymentPostprocessing = 0;
			shellPath = /bin/sh;
			shellScript = "\"${SRCROOT}/Pods/Target Support Files/Pods-Example/Pods-Example-resources.sh\"\n";
			showEnvVarsInLog = 0;
		};
		B855C5320A8F7EBC93F999B9 /* [CP] Embed Pods Frameworks */ = {
			isa = PBXShellScriptBuildPhase;
			buildActionMask = 2147483647;
			files = (
			);
			inputPaths = (
			);
			name = "[CP] Embed Pods Frameworks";
			outputPaths = (
			);
			runOnlyForDeploymentPostprocessing = 0;
			shellPath = /bin/sh;
			shellScript = "\"${SRCROOT}/Pods/Target Support Files/Pods-Example/Pods-Example-frameworks.sh\"\n";
			showEnvVarsInLog = 0;
		};
/* End PBXShellScriptBuildPhase section */

/* Begin PBXSourcesBuildPhase section */
		92DCEA881EE18E04004EC8EC /* Sources */ = {
			isa = PBXSourcesBuildPhase;
			buildActionMask = 2147483647;
			files = (
				92DCEA921EE18E04004EC8EC /* ViewController.swift in Sources */,
				92DCEA901EE18E04004EC8EC /* AppDelegate.swift in Sources */,
			);
			runOnlyForDeploymentPostprocessing = 0;
		};
/* End PBXSourcesBuildPhase section */

/* Begin PBXVariantGroup section */
		92DCEA931EE18E04004EC8EC /* Main.storyboard */ = {
			isa = PBXVariantGroup;
			children = (
				92DCEA941EE18E04004EC8EC /* Base */,
			);
			name = Main.storyboard;
			sourceTree = "<group>";
		};
		92DCEA981EE18E04004EC8EC /* LaunchScreen.storyboard */ = {
			isa = PBXVariantGroup;
			children = (
				92DCEA991EE18E04004EC8EC /* Base */,
			);
			name = LaunchScreen.storyboard;
			sourceTree = "<group>";
		};
/* End PBXVariantGroup section */

/* Begin XCBuildConfiguration section */
		92DCEA9C1EE18E04004EC8EC /* Debug */ = {
			isa = XCBuildConfiguration;
			buildSettings = {
				ALWAYS_SEARCH_USER_PATHS = NO;
				CLANG_ANALYZER_NONNULL = YES;
				CLANG_ANALYZER_NUMBER_OBJECT_CONVERSION = YES_AGGRESSIVE;
				CLANG_CXX_LANGUAGE_STANDARD = "gnu++0x";
				CLANG_CXX_LIBRARY = "libc++";
				CLANG_ENABLE_MODULES = YES;
				CLANG_ENABLE_OBJC_ARC = YES;
				CLANG_WARN_BOOL_CONVERSION = YES;
				CLANG_WARN_CONSTANT_CONVERSION = YES;
				CLANG_WARN_DIRECT_OBJC_ISA_USAGE = YES_ERROR;
				CLANG_WARN_DOCUMENTATION_COMMENTS = YES;
				CLANG_WARN_EMPTY_BODY = YES;
				CLANG_WARN_ENUM_CONVERSION = YES;
				CLANG_WARN_INFINITE_RECURSION = YES;
				CLANG_WARN_INT_CONVERSION = YES;
				CLANG_WARN_OBJC_ROOT_CLASS = YES_ERROR;
				CLANG_WARN_SUSPICIOUS_MOVE = YES;
				CLANG_WARN_UNREACHABLE_CODE = YES;
				CLANG_WARN__DUPLICATE_METHOD_MATCH = YES;
				"CODE_SIGN_IDENTITY[sdk=iphoneos*]" = "iPhone Developer";
				COPY_PHASE_STRIP = NO;
				DEBUG_INFORMATION_FORMAT = dwarf;
				ENABLE_STRICT_OBJC_MSGSEND = YES;
				ENABLE_TESTABILITY = YES;
				GCC_C_LANGUAGE_STANDARD = gnu99;
				GCC_DYNAMIC_NO_PIC = NO;
				GCC_NO_COMMON_BLOCKS = YES;
				GCC_OPTIMIZATION_LEVEL = 0;
				GCC_PREPROCESSOR_DEFINITIONS = (
					"DEBUG=1",
					"$(inherited)",
				);
				GCC_WARN_64_TO_32_BIT_CONVERSION = YES;
				GCC_WARN_ABOUT_RETURN_TYPE = YES_ERROR;
				GCC_WARN_UNDECLARED_SELECTOR = YES;
				GCC_WARN_UNINITIALIZED_AUTOS = YES_AGGRESSIVE;
				GCC_WARN_UNUSED_FUNCTION = YES;
				GCC_WARN_UNUSED_VARIABLE = YES;
				IPHONEOS_DEPLOYMENT_TARGET = 10.3;
				MTL_ENABLE_DEBUG_INFO = YES;
				ONLY_ACTIVE_ARCH = YES;
				SDKROOT = iphoneos;
				SWIFT_ACTIVE_COMPILATION_CONDITIONS = DEBUG;
				SWIFT_OPTIMIZATION_LEVEL = "-Onone";
				TARGETED_DEVICE_FAMILY = "1,2";
			};
			name = Debug;
		};
		92DCEA9D1EE18E04004EC8EC /* Release */ = {
			isa = XCBuildConfiguration;
			buildSettings = {
				ALWAYS_SEARCH_USER_PATHS = NO;
				CLANG_ANALYZER_NONNULL = YES;
				CLANG_ANALYZER_NUMBER_OBJECT_CONVERSION = YES_AGGRESSIVE;
				CLANG_CXX_LANGUAGE_STANDARD = "gnu++0x";
				CLANG_CXX_LIBRARY = "libc++";
				CLANG_ENABLE_MODULES = YES;
				CLANG_ENABLE_OBJC_ARC = YES;
				CLANG_WARN_BOOL_CONVERSION = YES;
				CLANG_WARN_CONSTANT_CONVERSION = YES;
				CLANG_WARN_DIRECT_OBJC_ISA_USAGE = YES_ERROR;
				CLANG_WARN_DOCUMENTATION_COMMENTS = YES;
				CLANG_WARN_EMPTY_BODY = YES;
				CLANG_WARN_ENUM_CONVERSION = YES;
				CLANG_WARN_INFINITE_RECURSION = YES;
				CLANG_WARN_INT_CONVERSION = YES;
				CLANG_WARN_OBJC_ROOT_CLASS = YES_ERROR;
				CLANG_WARN_SUSPICIOUS_MOVE = YES;
				CLANG_WARN_UNREACHABLE_CODE = YES;
				CLANG_WARN__DUPLICATE_METHOD_MATCH = YES;
				"CODE_SIGN_IDENTITY[sdk=iphoneos*]" = "iPhone Developer";
				COPY_PHASE_STRIP = NO;
				DEBUG_INFORMATION_FORMAT = "dwarf-with-dsym";
				ENABLE_NS_ASSERTIONS = NO;
				ENABLE_STRICT_OBJC_MSGSEND = YES;
				GCC_C_LANGUAGE_STANDARD = gnu99;
				GCC_NO_COMMON_BLOCKS = YES;
				GCC_WARN_64_TO_32_BIT_CONVERSION = YES;
				GCC_WARN_ABOUT_RETURN_TYPE = YES_ERROR;
				GCC_WARN_UNDECLARED_SELECTOR = YES;
				GCC_WARN_UNINITIALIZED_AUTOS = YES_AGGRESSIVE;
				GCC_WARN_UNUSED_FUNCTION = YES;
				GCC_WARN_UNUSED_VARIABLE = YES;
				IPHONEOS_DEPLOYMENT_TARGET = 10.3;
				MTL_ENABLE_DEBUG_INFO = NO;
				SDKROOT = iphoneos;
				SWIFT_OPTIMIZATION_LEVEL = "-Owholemodule";
				TARGETED_DEVICE_FAMILY = "1,2";
				VALIDATE_PRODUCT = YES;
			};
			name = Release;
		};
		92DCEA9F1EE18E04004EC8EC /* Debug */ = {
			isa = XCBuildConfiguration;
			baseConfigurationReference = EBA4147C00148933289F4735 /* Pods-Example.debug.xcconfig */;
			buildSettings = {
				ASSETCATALOG_COMPILER_APPICON_NAME = AppIcon;
				CODE_SIGN_ENTITLEMENTS = Example/Example.entitlements;
				CODE_SIGN_IDENTITY = "iPhone Distribution";
				"CODE_SIGN_IDENTITY[sdk=iphoneos*]" = "iPhone Developer";
				DEVELOPMENT_TEAM = 2CF9M4J7ZH;
				ENABLE_BITCODE = YES;
				FRAMEWORK_SEARCH_PATHS = (
					"$(inherited)",
					"$(PROJECT_DIR)",
				);
				INFOPLIST_FILE = Example/Info.plist;
				LD_RUNPATH_SEARCH_PATHS = "$(inherited) @executable_path/Frameworks";
				PRODUCT_BUNDLE_IDENTIFIER = com.gameofwhales.native.ios;
				PRODUCT_NAME = "$(TARGET_NAME)";
				PROVISIONING_PROFILE = "b0c230a1-0359-460a-86b8-0ab2005aa64c";
				PROVISIONING_PROFILE_SPECIFIER = "GOW Native Development";
				SWIFT_VERSION = 3.0;
			};
			name = Debug;
		};
		92DCEAA01EE18E04004EC8EC /* Release */ = {
			isa = XCBuildConfiguration;
			baseConfigurationReference = C4AA4AA89420AE1D138E44F3 /* Pods-Example.release.xcconfig */;
			buildSettings = {
				ASSETCATALOG_COMPILER_APPICON_NAME = AppIcon;
				CODE_SIGN_ENTITLEMENTS = Example/Example.entitlements;
				CODE_SIGN_IDENTITY = "iPhone Distribution";
				"CODE_SIGN_IDENTITY[sdk=iphoneos*]" = "iPhone Developer";
				DEVELOPMENT_TEAM = 2CF9M4J7ZH;
				ENABLE_BITCODE = YES;
				FRAMEWORK_SEARCH_PATHS = (
					"$(inherited)",
					"$(PROJECT_DIR)",
				);
				INFOPLIST_FILE = Example/Info.plist;
				LD_RUNPATH_SEARCH_PATHS = "$(inherited) @executable_path/Frameworks";
				PRODUCT_BUNDLE_IDENTIFIER = com.gameofwhales.native.ios;
				PRODUCT_NAME = "$(TARGET_NAME)";
				PROVISIONING_PROFILE = "b0c230a1-0359-460a-86b8-0ab2005aa64c";
				PROVISIONING_PROFILE_SPECIFIER = "GOW Native Development";
				SWIFT_VERSION = 3.0;
			};
			name = Release;
		};
/* End XCBuildConfiguration section */

/* Begin XCConfigurationList section */
		92DCEA871EE18E04004EC8EC /* Build configuration list for PBXProject "Example" */ = {
			isa = XCConfigurationList;
			buildConfigurations = (
				92DCEA9C1EE18E04004EC8EC /* Debug */,
				92DCEA9D1EE18E04004EC8EC /* Release */,
			);
			defaultConfigurationIsVisible = 0;
			defaultConfigurationName = Release;
		};
		92DCEA9E1EE18E04004EC8EC /* Build configuration list for PBXNativeTarget "Example" */ = {
			isa = XCConfigurationList;
			buildConfigurations = (
				92DCEA9F1EE18E04004EC8EC /* Debug */,
				92DCEAA01EE18E04004EC8EC /* Release */,
			);
			defaultConfigurationIsVisible = 0;
			defaultConfigurationName = Release;
		};
/* End XCConfigurationList section */
	};
	rootObject = 92DCEA841EE18E04004EC8EC /* Project object */;
}
